
Microsoft Visual Studio Solution File, Format Version 12.00
# Visual Studio Version 16
VisualStudioVersion = 16.0.31321.278
MinimumVisualStudioVersion = 10.0.40219.1
Project("{888888A0-9F3D-457C-B088-3A5042F75D52}") = "StrongTriadicClosure", "StrongTriadicClosure\StrongTriadicClosure.pyproj", "{1C282756-6BFC-41D3-B095-A90946ED3447}"
EndProject
Global
	GlobalSection(SolutionConfigurationPlatforms) = preSolution
		Debug|Any CPU = Debug|Any CPU
		Release|Any CPU = Release|Any CPU
	EndGlobalSection
	GlobalSection(ProjectConfigurationPlatforms) = postSolution
		{1C282756-6BFC-41D3-B095-A90946ED3447}.Debug|Any CPU.ActiveCfg = Debug|Any CPU
		{1C282756-6BFC-41D3-B095-A90946ED3447}.Release|Any CPU.ActiveCfg = Release|Any CPU
	EndGlobalSection
	GlobalSection(SolutionProperties) = preSolution
		HideSolutionNode = FALSE
	EndGlobalSection
	GlobalSection(ExtensibilityGlobals) = postSolution
		SolutionGuid = {44BA5E63-80AA-43DD-A9F8-383683C557C3}
	EndGlobalSection
EndGlobal
