
Microsoft Visual Studio Solution File, Format Version 12.00
# Visual Studio Version 16
VisualStudioVersion = 16.0.31321.278
MinimumVisualStudioVersion = 10.0.40219.1
Project("{888888A0-9F3D-457C-B088-3A5042F75D52}") = "DegreeDistribution", "DegreeDistribution\DegreeDistribution.pyproj", "{A7B07FF0-221C-4822-BFE3-929730077B02}"
EndProject
Global
	GlobalSection(SolutionConfigurationPlatforms) = preSolution
		Debug|Any CPU = Debug|Any CPU
		Release|Any CPU = Release|Any CPU
	EndGlobalSection
	GlobalSection(ProjectConfigurationPlatforms) = postSolution
		{A7B07FF0-221C-4822-BFE3-929730077B02}.Debug|Any CPU.ActiveCfg = Debug|Any CPU
		{A7B07FF0-221C-4822-BFE3-929730077B02}.Release|Any CPU.ActiveCfg = Release|Any CPU
	EndGlobalSection
	GlobalSection(SolutionProperties) = preSolution
		HideSolutionNode = FALSE
	EndGlobalSection
	GlobalSection(ExtensibilityGlobals) = postSolution
		SolutionGuid = {0F520216-961F-446D-B7F0-B19F9031C8E1}
	EndGlobalSection
EndGlobal
