
Microsoft Visual Studio Solution File, Format Version 12.00
# Visual Studio Version 16
VisualStudioVersion = 16.0.31321.278
MinimumVisualStudioVersion = 10.0.40219.1
Project("{888888A0-9F3D-457C-B088-3A5042F75D52}") = "WeakStructuralBalanceCompleteGraph", "WeakStructuralBalanceCompleteGraph\WeakStructuralBalanceCompleteGraph.pyproj", "{F74B382E-88A2-412E-8384-56AE2899EDB7}"
EndProject
Global
	GlobalSection(SolutionConfigurationPlatforms) = preSolution
		Debug|Any CPU = Debug|Any CPU
		Release|Any CPU = Release|Any CPU
	EndGlobalSection
	GlobalSection(ProjectConfigurationPlatforms) = postSolution
		{F74B382E-88A2-412E-8384-56AE2899EDB7}.Debug|Any CPU.ActiveCfg = Debug|Any CPU
		{F74B382E-88A2-412E-8384-56AE2899EDB7}.Release|Any CPU.ActiveCfg = Release|Any CPU
	EndGlobalSection
	GlobalSection(SolutionProperties) = preSolution
		HideSolutionNode = FALSE
	EndGlobalSection
	GlobalSection(ExtensibilityGlobals) = postSolution
		SolutionGuid = {240E483E-FEFA-4EA6-A7F6-2D21C78D916F}
	EndGlobalSection
EndGlobal
