
Microsoft Visual Studio Solution File, Format Version 12.00
# Visual Studio Version 16
VisualStudioVersion = 16.0.31321.278
MinimumVisualStudioVersion = 10.0.40219.1
Project("{888888A0-9F3D-457C-B088-3A5042F75D52}") = "PathLength", "PathLength\PathLength.pyproj", "{3E18D680-5916-46A7-B175-8D0B6A156771}"
EndProject
Global
	GlobalSection(SolutionConfigurationPlatforms) = preSolution
		Debug|Any CPU = Debug|Any CPU
		Release|Any CPU = Release|Any CPU
	EndGlobalSection
	GlobalSection(ProjectConfigurationPlatforms) = postSolution
		{3E18D680-5916-46A7-B175-8D0B6A156771}.Debug|Any CPU.ActiveCfg = Debug|Any CPU
		{3E18D680-5916-46A7-B175-8D0B6A156771}.Release|Any CPU.ActiveCfg = Release|Any CPU
	EndGlobalSection
	GlobalSection(SolutionProperties) = preSolution
		HideSolutionNode = FALSE
	EndGlobalSection
	GlobalSection(ExtensibilityGlobals) = postSolution
		SolutionGuid = {54E0CB51-CF3B-47DB-B9C0-A4D5E4DCF09A}
	EndGlobalSection
EndGlobal
