
Microsoft Visual Studio Solution File, Format Version 12.00
# Visual Studio Version 16
VisualStudioVersion = 16.0.31321.278
MinimumVisualStudioVersion = 10.0.40219.1
Project("{888888A0-9F3D-457C-B088-3A5042F75D52}") = "Eccentricity", "Eccentricity\Eccentricity.pyproj", "{91705950-4D85-40EF-B03B-A8D4F38131F4}"
EndProject
Global
	GlobalSection(SolutionConfigurationPlatforms) = preSolution
		Debug|Any CPU = Debug|Any CPU
		Release|Any CPU = Release|Any CPU
	EndGlobalSection
	GlobalSection(ProjectConfigurationPlatforms) = postSolution
		{91705950-4D85-40EF-B03B-A8D4F38131F4}.Debug|Any CPU.ActiveCfg = Debug|Any CPU
		{91705950-4D85-40EF-B03B-A8D4F38131F4}.Release|Any CPU.ActiveCfg = Release|Any CPU
	EndGlobalSection
	GlobalSection(SolutionProperties) = preSolution
		HideSolutionNode = FALSE
	EndGlobalSection
	GlobalSection(ExtensibilityGlobals) = postSolution
		SolutionGuid = {119B35B7-C43C-4EF8-B301-050E457E4D74}
	EndGlobalSection
EndGlobal
